// !$*UTF8*$!
{
	archiveVersion = 1;
	classes = {
	};
	objectVersion = 46;
	objects = {

/* Begin PBXBuildFile section */
		14377BD5193468BF0028A493 /* Foundation.framework in Frameworks */ = {isa = PBXBuildFile; fileRef = 14377BD4193468BF0028A493 /* Foundation.framework */; };
		14377BD7193468BF0028A493 /* CoreGraphics.framework in Frameworks */ = {isa = PBXBuildFile; fileRef = 14377BD6193468BF0028A493 /* CoreGraphics.framework */; };
		14377BD9193468BF0028A493 /* UIKit.framework in Frameworks */ = {isa = PBXBuildFile; fileRef = 14377BD8193468BF0028A493 /* UIKit.framework */; };
		14377BDF193468BF0028A493 /* InfoPlist.strings in Resources */ = {isa = PBXBuildFile; fileRef = 14377BDD193468BF0028A493 /* InfoPlist.strings */; };
		14377BE1193468BF0028A493 /* main.m in Sources */ = {isa = PBXBuildFile; fileRef = 14377BE0193468BF0028A493 /* main.m */; };
		14377BE5193468BF0028A493 /* AppDelegate.m in Sources */ = {isa = PBXBuildFile; fileRef = 14377BE4193468BF0028A493 /* AppDelegate.m */; };
		14377BE8193468BF0028A493 /* Main.storyboard in Resources */ = {isa = PBXBuildFile; fileRef = 14377BE6193468BF0028A493 /* Main.storyboard */; };
		14377BED193468BF0028A493 /* Images.xcassets in Resources */ = {isa = PBXBuildFile; fileRef = 14377BEC193468BF0028A493 /* Images.xcassets */; };
		14377BF4193468BF0028A493 /* XCTest.framework in Frameworks */ = {isa = PBXBuildFile; fileRef = 14377BF3193468BF0028A493 /* XCTest.framework */; };
		14377BF5193468BF0028A493 /* Foundation.framework in Frameworks */ = {isa = PBXBuildFile; fileRef = 14377BD4193468BF0028A493 /* Foundation.framework */; };
		14377BF6193468BF0028A493 /* UIKit.framework in Frameworks */ = {isa = PBXBuildFile; fileRef = 14377BD8193468BF0028A493 /* UIKit.framework */; };
		14377BFE193468BF0028A493 /* InfoPlist.strings in Resources */ = {isa = PBXBuildFile; fileRef = 14377BFC193468BF0028A493 /* InfoPlist.strings */; };
		14377C00193468BF0028A493 /* TaiBikeTests.m in Sources */ = {isa = PBXBuildFile; fileRef = 14377BFF193468BF0028A493 /* TaiBikeTests.m */; };
		14377C0C193469360028A493 /* LeftNavViewController.m in Sources */ = {isa = PBXBuildFile; fileRef = 14377C0B193469360028A493 /* LeftNavViewController.m */; };
		14377C1F19346B0D0028A493 /* SlideNavigationContorllerAnimatorFade.m in Sources */ = {isa = PBXBuildFile; fileRef = 14377C1119346B0D0028A493 /* SlideNavigationContorllerAnimatorFade.m */; };
		14377C2019346B0D0028A493 /* SlideNavigationContorllerAnimatorScale.m in Sources */ = {isa = PBXBuildFile; fileRef = 14377C1319346B0D0028A493 /* SlideNavigationContorllerAnimatorScale.m */; };
		14377C2119346B0D0028A493 /* SlideNavigationContorllerAnimatorScaleAndFade.m in Sources */ = {isa = PBXBuildFile; fileRef = 14377C1519346B0D0028A493 /* SlideNavigationContorllerAnimatorScaleAndFade.m */; };
		14377C2219346B0D0028A493 /* SlideNavigationContorllerAnimatorSlide.m in Sources */ = {isa = PBXBuildFile; fileRef = 14377C1719346B0D0028A493 /* SlideNavigationContorllerAnimatorSlide.m */; };
		14377C2319346B0D0028A493 /* SlideNavigationContorllerAnimatorSlideAndFade.m in Sources */ = {isa = PBXBuildFile; fileRef = 14377C1919346B0D0028A493 /* SlideNavigationContorllerAnimatorSlideAndFade.m */; };
		14377C2419346B0D0028A493 /* menu-button.png in Resources */ = {isa = PBXBuildFile; fileRef = 14377C1B19346B0D0028A493 /* menu-button.png */; };
		14377C2519346B0D0028A493 /* menu-button@2x.png in Resources */ = {isa = PBXBuildFile; fileRef = 14377C1C19346B0D0028A493 /* menu-button@2x.png */; };
		14377C2619346B0D0028A493 /* SlideNavigationController.m in Sources */ = {isa = PBXBuildFile; fileRef = 14377C1E19346B0D0028A493 /* SlideNavigationController.m */; };
		14377C291934739F0028A493 /* HomeViewController.m in Sources */ = {isa = PBXBuildFile; fileRef = 14377C281934739F0028A493 /* HomeViewController.m */; };
		14377C2C193474B60028A493 /* LoginViewController.m in Sources */ = {isa = PBXBuildFile; fileRef = 14377C2B193474B60028A493 /* LoginViewController.m */; };
		14377C2F19347A730028A493 /* RegisterViewController.m in Sources */ = {isa = PBXBuildFile; fileRef = 14377C2E19347A730028A493 /* RegisterViewController.m */; };
		14377C32193486780028A493 /* ProfileViewController.m in Sources */ = {isa = PBXBuildFile; fileRef = 14377C31193486780028A493 /* ProfileViewController.m */; };
		14377C351934868F0028A493 /* EquipmentViewController.m in Sources */ = {isa = PBXBuildFile; fileRef = 14377C341934868F0028A493 /* EquipmentViewController.m */; };
		14377C38193486A10028A493 /* RecordViewController.m in Sources */ = {isa = PBXBuildFile; fileRef = 14377C37193486A10028A493 /* RecordViewController.m */; };
		1457F6851934FC6A009A1259 /* PlanViewController.m in Sources */ = {isa = PBXBuildFile; fileRef = 1457F6841934FC6A009A1259 /* PlanViewController.m */; };
		464BB313193CCE22005FFEC0 /* ASOBounceButtonView.m in Sources */ = {isa = PBXBuildFile; fileRef = 464BB30D193CCE22005FFEC0 /* ASOBounceButtonView.m */; };
		464BB314193CCE22005FFEC0 /* ASOTwoStateButton.m in Sources */ = {isa = PBXBuildFile; fileRef = 464BB311193CCE22005FFEC0 /* ASOTwoStateButton.m */; };
		464BB317193CD162005FFEC0 /* EquipmentBoundButtonView.m in Sources */ = {isa = PBXBuildFile; fileRef = 464BB316193CD162005FFEC0 /* EquipmentBoundButtonView.m */; };
		464BB31F193CE0A7005FFEC0 /* add_bubble_link@2x.png in Resources */ = {isa = PBXBuildFile; fileRef = 464BB318193CE0A7005FFEC0 /* add_bubble_link@2x.png */; };
		464BB320193CE0A7005FFEC0 /* add_bubble_link@2x.psd in Resources */ = {isa = PBXBuildFile; fileRef = 464BB319193CE0A7005FFEC0 /* add_bubble_link@2x.psd */; };
		464BB321193CE0A7005FFEC0 /* clear_bubble_link@2x.png in Resources */ = {isa = PBXBuildFile; fileRef = 464BB31A193CE0A7005FFEC0 /* clear_bubble_link@2x.png */; };
		464BB322193CE0A7005FFEC0 /* clear_bubble_link@2x.psd in Resources */ = {isa = PBXBuildFile; fileRef = 464BB31B193CE0A7005FFEC0 /* clear_bubble_link@2x.psd */; };
		464BB323193CE0A7005FFEC0 /* post_type_bubble_link@2x.png in Resources */ = {isa = PBXBuildFile; fileRef = 464BB31C193CE0A7005FFEC0 /* post_type_bubble_link@2x.png */; };
		464BB324193CE0A7005FFEC0 /* post_type_bubble_link@2x.psd in Resources */ = {isa = PBXBuildFile; fileRef = 464BB31D193CE0A7005FFEC0 /* post_type_bubble_link@2x.psd */; };
		464BB325193CE0A7005FFEC0 /* set_bubble_link@2x.png in Resources */ = {isa = PBXBuildFile; fileRef = 464BB31E193CE0A7005FFEC0 /* set_bubble_link@2x.png */; };
		46544FAA1940FEB900C5138D /* RecommendedEquipment.plist in Resources */ = {isa = PBXBuildFile; fileRef = 46544FA91940FEB900C5138D /* RecommendedEquipment.plist */; };
		46544FAD19410AA000C5138D /* RecommendedEquipmentViewController.m in Sources */ = {isa = PBXBuildFile; fileRef = 46544FAC19410AA000C5138D /* RecommendedEquipmentViewController.m */; };
		4657946019427C67003E3654 /* RecommendedEquipmentTableView.m in Sources */ = {isa = PBXBuildFile; fileRef = 4657945F19427C67003E3654 /* RecommendedEquipmentTableView.m */; };
		467E2366193B2BD800CAE53C /* down_red@2x.png in Resources */ = {isa = PBXBuildFile; fileRef = 467E2354193B2BD800CAE53C /* down_red@2x.png */; };
		467E2367193B2BD800CAE53C /* down_white@2x.png in Resources */ = {isa = PBXBuildFile; fileRef = 467E2355193B2BD800CAE53C /* down_white@2x.png */; };
		467E2368193B2BD800CAE53C /* index@2x.png in Resources */ = {isa = PBXBuildFile; fileRef = 467E2356193B2BD800CAE53C /* index@2x.png */; };
		467E2369193B2BD800CAE53C /* index_press@2x.png in Resources */ = {isa = PBXBuildFile; fileRef = 467E2357193B2BD800CAE53C /* index_press@2x.png */; };
		467E236A193B2BD800CAE53C /* up_red@2x.png in Resources */ = {isa = PBXBuildFile; fileRef = 467E2358193B2BD800CAE53C /* up_red@2x.png */; };
		467E236B193B2BD800CAE53C /* up_white@2x.png in Resources */ = {isa = PBXBuildFile; fileRef = 467E2359193B2BD800CAE53C /* up_white@2x.png */; };
		467E236C193B2BD800CAE53C /* ITTArrowView.m in Sources */ = {isa = PBXBuildFile; fileRef = 467E235B193B2BD800CAE53C /* ITTArrowView.m */; };
		467E236E193B2BD800CAE53C /* ITTSegement.m in Sources */ = {isa = PBXBuildFile; fileRef = 467E235F193B2BD800CAE53C /* ITTSegement.m */; };
		467E236F193B2BD800CAE53C /* EquipmentTableView.m in Sources */ = {isa = PBXBuildFile; fileRef = 467E2361193B2BD800CAE53C /* EquipmentTableView.m */; };
		467E2374193B4A8D00CAE53C /* EquipmentModel.m in Sources */ = {isa = PBXBuildFile; fileRef = 467E2373193B4A8D00CAE53C /* EquipmentModel.m */; };
		467E2378193B5BAC00CAE53C /* EquipmentCell.m in Sources */ = {isa = PBXBuildFile; fileRef = 467E2377193B5BAC00CAE53C /* EquipmentCell.m */; };
		467E237B193B68A300CAE53C /* ModifyEquipmentViewController.m in Sources */ = {isa = PBXBuildFile; fileRef = 467E237A193B68A300CAE53C /* ModifyEquipmentViewController.m */; };
		46A36E55193BB6FC004508A7 /* bag.png in Resources */ = {isa = PBXBuildFile; fileRef = 46A36E53193BB6FC004508A7 /* bag.png */; };
		46A36E56193BB6FC004508A7 /* bag.psd in Resources */ = {isa = PBXBuildFile; fileRef = 46A36E54193BB6FC004508A7 /* bag.psd */; };
/* End PBXBuildFile section */

/* Begin PBXContainerItemProxy section */
		14377BF7193468BF0028A493 /* PBXContainerItemProxy */ = {
			isa = PBXContainerItemProxy;
			containerPortal = 14377BC9193468BF0028A493 /* Project object */;
			proxyType = 1;
			remoteGlobalIDString = 14377BD0193468BF0028A493;
			remoteInfo = TaiBike;
		};
/* End PBXContainerItemProxy section */

/* Begin PBXFileReference section */
		14377BD1193468BF0028A493 /* TaiBike.app */ = {isa = PBXFileReference; explicitFileType = wrapper.application; includeInIndex = 0; path = TaiBike.app; sourceTree = BUILT_PRODUCTS_DIR; };
		14377BD4193468BF0028A493 /* Foundation.framework */ = {isa = PBXFileReference; lastKnownFileType = wrapper.framework; name = Foundation.framework; path = System/Library/Frameworks/Foundation.framework; sourceTree = SDKROOT; };
		14377BD6193468BF0028A493 /* CoreGraphics.framework */ = {isa = PBXFileReference; lastKnownFileType = wrapper.framework; name = CoreGraphics.framework; path = System/Library/Frameworks/CoreGraphics.framework; sourceTree = SDKROOT; };
		14377BD8193468BF0028A493 /* UIKit.framework */ = {isa = PBXFileReference; lastKnownFileType = wrapper.framework; name = UIKit.framework; path = System/Library/Frameworks/UIKit.framework; sourceTree = SDKROOT; };
		14377BDC193468BF0028A493 /* TaiBike-Info.plist */ = {isa = PBXFileReference; lastKnownFileType = text.plist.xml; path = "TaiBike-Info.plist"; sourceTree = "<group>"; };
		14377BDE193468BF0028A493 /* en */ = {isa = PBXFileReference; lastKnownFileType = text.plist.strings; name = en; path = en.lproj/InfoPlist.strings; sourceTree = "<group>"; };
		14377BE0193468BF0028A493 /* main.m */ = {isa = PBXFileReference; lastKnownFileType = sourcecode.c.objc; path = main.m; sourceTree = "<group>"; };
		14377BE2193468BF0028A493 /* TaiBike-Prefix.pch */ = {isa = PBXFileReference; lastKnownFileType = sourcecode.c.h; path = "TaiBike-Prefix.pch"; sourceTree = "<group>"; };
		14377BE3193468BF0028A493 /* AppDelegate.h */ = {isa = PBXFileReference; lastKnownFileType = sourcecode.c.h; path = AppDelegate.h; sourceTree = "<group>"; };
		14377BE4193468BF0028A493 /* AppDelegate.m */ = {isa = PBXFileReference; lastKnownFileType = sourcecode.c.objc; path = AppDelegate.m; sourceTree = "<group>"; };
		14377BE7193468BF0028A493 /* Base */ = {isa = PBXFileReference; lastKnownFileType = file.storyboard; name = Base; path = Base.lproj/Main.storyboard; sourceTree = "<group>"; };
		14377BEC193468BF0028A493 /* Images.xcassets */ = {isa = PBXFileReference; lastKnownFileType = folder.assetcatalog; path = Images.xcassets; sourceTree = "<group>"; };
		14377BF2193468BF0028A493 /* TaiBikeTests.xctest */ = {isa = PBXFileReference; explicitFileType = wrapper.cfbundle; includeInIndex = 0; path = TaiBikeTests.xctest; sourceTree = BUILT_PRODUCTS_DIR; };
		14377BF3193468BF0028A493 /* XCTest.framework */ = {isa = PBXFileReference; lastKnownFileType = wrapper.framework; name = XCTest.framework; path = Library/Frameworks/XCTest.framework; sourceTree = DEVELOPER_DIR; };
		14377BFB193468BF0028A493 /* TaiBikeTests-Info.plist */ = {isa = PBXFileReference; lastKnownFileType = text.plist.xml; path = "TaiBikeTests-Info.plist"; sourceTree = "<group>"; };
		14377BFD193468BF0028A493 /* en */ = {isa = PBXFileReference; lastKnownFileType = text.plist.strings; name = en; path = en.lproj/InfoPlist.strings; sourceTree = "<group>"; };
		14377BFF193468BF0028A493 /* TaiBikeTests.m */ = {isa = PBXFileReference; lastKnownFileType = sourcecode.c.objc; path = TaiBikeTests.m; sourceTree = "<group>"; };
		14377C0A193469360028A493 /* LeftNavViewController.h */ = {isa = PBXFileReference; fileEncoding = 4; lastKnownFileType = sourcecode.c.h; path = LeftNavViewController.h; sourceTree = "<group>"; };
		14377C0B193469360028A493 /* LeftNavViewController.m */ = {isa = PBXFileReference; fileEncoding = 4; lastKnownFileType = sourcecode.c.objc; path = LeftNavViewController.m; sourceTree = "<group>"; };
		14377C0F19346B0D0028A493 /* SlideNavigationContorllerAnimator.h */ = {isa = PBXFileReference; fileEncoding = 4; lastKnownFileType = sourcecode.c.h; path = SlideNavigationContorllerAnimator.h; sourceTree = "<group>"; };
		14377C1019346B0D0028A493 /* SlideNavigationContorllerAnimatorFade.h */ = {isa = PBXFileReference; fileEncoding = 4; lastKnownFileType = sourcecode.c.h; path = SlideNavigationContorllerAnimatorFade.h; sourceTree = "<group>"; };
		14377C1119346B0D0028A493 /* SlideNavigationContorllerAnimatorFade.m */ = {isa = PBXFileReference; fileEncoding = 4; lastKnownFileType = sourcecode.c.objc; path = SlideNavigationContorllerAnimatorFade.m; sourceTree = "<group>"; };
		14377C1219346B0D0028A493 /* SlideNavigationContorllerAnimatorScale.h */ = {isa = PBXFileReference; fileEncoding = 4; lastKnownFileType = sourcecode.c.h; path = SlideNavigationContorllerAnimatorScale.h; sourceTree = "<group>"; };
		14377C1319346B0D0028A493 /* SlideNavigationContorllerAnimatorScale.m */ = {isa = PBXFileReference; fileEncoding = 4; lastKnownFileType = sourcecode.c.objc; path = SlideNavigationContorllerAnimatorScale.m; sourceTree = "<group>"; };
		14377C1419346B0D0028A493 /* SlideNavigationContorllerAnimatorScaleAndFade.h */ = {isa = PBXFileReference; fileEncoding = 4; lastKnownFileType = sourcecode.c.h; path = SlideNavigationContorllerAnimatorScaleAndFade.h; sourceTree = "<group>"; };
		14377C1519346B0D0028A493 /* SlideNavigationContorllerAnimatorScaleAndFade.m */ = {isa = PBXFileReference; fileEncoding = 4; lastKnownFileType = sourcecode.c.objc; path = SlideNavigationContorllerAnimatorScaleAndFade.m; sourceTree = "<group>"; };
		14377C1619346B0D0028A493 /* SlideNavigationContorllerAnimatorSlide.h */ = {isa = PBXFileReference; fileEncoding = 4; lastKnownFileType = sourcecode.c.h; path = SlideNavigationContorllerAnimatorSlide.h; sourceTree = "<group>"; };
		14377C1719346B0D0028A493 /* SlideNavigationContorllerAnimatorSlide.m */ = {isa = PBXFileReference; fileEncoding = 4; lastKnownFileType = sourcecode.c.objc; path = SlideNavigationContorllerAnimatorSlide.m; sourceTree = "<group>"; };
		14377C1819346B0D0028A493 /* SlideNavigationContorllerAnimatorSlideAndFade.h */ = {isa = PBXFileReference; fileEncoding = 4; lastKnownFileType = sourcecode.c.h; path = SlideNavigationContorllerAnimatorSlideAndFade.h; sourceTree = "<group>"; };
		14377C1919346B0D0028A493 /* SlideNavigationContorllerAnimatorSlideAndFade.m */ = {isa = PBXFileReference; fileEncoding = 4; lastKnownFileType = sourcecode.c.objc; path = SlideNavigationContorllerAnimatorSlideAndFade.m; sourceTree = "<group>"; };
		14377C1B19346B0D0028A493 /* menu-button.png */ = {isa = PBXFileReference; lastKnownFileType = image.png; path = "menu-button.png"; sourceTree = "<group>"; };
		14377C1C19346B0D0028A493 /* menu-button@2x.png */ = {isa = PBXFileReference; lastKnownFileType = image.png; path = "menu-button@2x.png"; sourceTree = "<group>"; };
		14377C1D19346B0D0028A493 /* SlideNavigationController.h */ = {isa = PBXFileReference; fileEncoding = 4; lastKnownFileType = sourcecode.c.h; path = SlideNavigationController.h; sourceTree = "<group>"; };
		14377C1E19346B0D0028A493 /* SlideNavigationController.m */ = {isa = PBXFileReference; fileEncoding = 4; lastKnownFileType = sourcecode.c.objc; path = SlideNavigationController.m; sourceTree = "<group>"; };
		14377C271934739F0028A493 /* HomeViewController.h */ = {isa = PBXFileReference; fileEncoding = 4; lastKnownFileType = sourcecode.c.h; path = HomeViewController.h; sourceTree = "<group>"; };
		14377C281934739F0028A493 /* HomeViewController.m */ = {isa = PBXFileReference; fileEncoding = 4; lastKnownFileType = sourcecode.c.objc; path = HomeViewController.m; sourceTree = "<group>"; };
		14377C2A193474B60028A493 /* LoginViewController.h */ = {isa = PBXFileReference; fileEncoding = 4; lastKnownFileType = sourcecode.c.h; path = LoginViewController.h; sourceTree = "<group>"; };
		14377C2B193474B60028A493 /* LoginViewController.m */ = {isa = PBXFileReference; fileEncoding = 4; lastKnownFileType = sourcecode.c.objc; path = LoginViewController.m; sourceTree = "<group>"; };
		14377C2D19347A730028A493 /* RegisterViewController.h */ = {isa = PBXFileReference; fileEncoding = 4; lastKnownFileType = sourcecode.c.h; path = RegisterViewController.h; sourceTree = "<group>"; };
		14377C2E19347A730028A493 /* RegisterViewController.m */ = {isa = PBXFileReference; fileEncoding = 4; lastKnownFileType = sourcecode.c.objc; path = RegisterViewController.m; sourceTree = "<group>"; };
		14377C30193486780028A493 /* ProfileViewController.h */ = {isa = PBXFileReference; fileEncoding = 4; lastKnownFileType = sourcecode.c.h; path = ProfileViewController.h; sourceTree = "<group>"; };
		14377C31193486780028A493 /* ProfileViewController.m */ = {isa = PBXFileReference; fileEncoding = 4; lastKnownFileType = sourcecode.c.objc; path = ProfileViewController.m; sourceTree = "<group>"; };
		14377C331934868F0028A493 /* EquipmentViewController.h */ = {isa = PBXFileReference; fileEncoding = 4; lastKnownFileType = sourcecode.c.h; path = EquipmentViewController.h; sourceTree = "<group>"; };
		14377C341934868F0028A493 /* EquipmentViewController.m */ = {isa = PBXFileReference; fileEncoding = 4; lastKnownFileType = sourcecode.c.objc; path = EquipmentViewController.m; sourceTree = "<group>"; };
		14377C36193486A10028A493 /* RecordViewController.h */ = {isa = PBXFileReference; fileEncoding = 4; lastKnownFileType = sourcecode.c.h; path = RecordViewController.h; sourceTree = "<group>"; };
		14377C37193486A10028A493 /* RecordViewController.m */ = {isa = PBXFileReference; fileEncoding = 4; lastKnownFileType = sourcecode.c.objc; path = RecordViewController.m; sourceTree = "<group>"; };
		1457F6831934FC6A009A1259 /* PlanViewController.h */ = {isa = PBXFileReference; fileEncoding = 4; lastKnownFileType = sourcecode.c.h; path = PlanViewController.h; sourceTree = "<group>"; };
		1457F6841934FC6A009A1259 /* PlanViewController.m */ = {isa = PBXFileReference; fileEncoding = 4; lastKnownFileType = sourcecode.c.objc; path = PlanViewController.m; sourceTree = "<group>"; };
		4606814819426DF0008EB1B2 /* CoreData.framework */ = {isa = PBXFileReference; lastKnownFileType = wrapper.framework; name = CoreData.framework; path = System/Library/Frameworks/CoreData.framework; sourceTree = SDKROOT; };
		464BB30C193CCE22005FFEC0 /* ASOBounceButtonView.h */ = {isa = PBXFileReference; fileEncoding = 4; lastKnownFileType = sourcecode.c.h; path = ASOBounceButtonView.h; sourceTree = "<group>"; };
		464BB30D193CCE22005FFEC0 /* ASOBounceButtonView.m */ = {isa = PBXFileReference; fileEncoding = 4; lastKnownFileType = sourcecode.c.objc; path = ASOBounceButtonView.m; sourceTree = "<group>"; };
		464BB30E193CCE22005FFEC0 /* ASOBounceButtonViewDelegate.h */ = {isa = PBXFileReference; fileEncoding = 4; lastKnownFileType = sourcecode.c.h; path = ASOBounceButtonViewDelegate.h; sourceTree = "<group>"; };
		464BB310193CCE22005FFEC0 /* ASOTwoStateButton.h */ = {isa = PBXFileReference; fileEncoding = 4; lastKnownFileType = sourcecode.c.h; path = ASOTwoStateButton.h; sourceTree = "<group>"; };
		464BB311193CCE22005FFEC0 /* ASOTwoStateButton.m */ = {isa = PBXFileReference; fileEncoding = 4; lastKnownFileType = sourcecode.c.objc; path = ASOTwoStateButton.m; sourceTree = "<group>"; };
		464BB315193CD162005FFEC0 /* EquipmentBoundButtonView.h */ = {isa = PBXFileReference; fileEncoding = 4; lastKnownFileType = sourcecode.c.h; path = EquipmentBoundButtonView.h; sourceTree = "<group>"; };
		464BB316193CD162005FFEC0 /* EquipmentBoundButtonView.m */ = {isa = PBXFileReference; fileEncoding = 4; lastKnownFileType = sourcecode.c.objc; path = EquipmentBoundButtonView.m; sourceTree = "<group>"; };
		464BB318193CE0A7005FFEC0 /* add_bubble_link@2x.png */ = {isa = PBXFileReference; lastKnownFileType = image.png; path = "add_bubble_link@2x.png"; sourceTree = "<group>"; };
		464BB319193CE0A7005FFEC0 /* add_bubble_link@2x.psd */ = {isa = PBXFileReference; lastKnownFileType = file; path = "add_bubble_link@2x.psd"; sourceTree = "<group>"; };
		464BB31A193CE0A7005FFEC0 /* clear_bubble_link@2x.png */ = {isa = PBXFileReference; lastKnownFileType = image.png; path = "clear_bubble_link@2x.png"; sourceTree = "<group>"; };
		464BB31B193CE0A7005FFEC0 /* clear_bubble_link@2x.psd */ = {isa = PBXFileReference; lastKnownFileType = file; path = "clear_bubble_link@2x.psd"; sourceTree = "<group>"; };
		464BB31C193CE0A7005FFEC0 /* post_type_bubble_link@2x.png */ = {isa = PBXFileReference; lastKnownFileType = image.png; path = "post_type_bubble_link@2x.png"; sourceTree = "<group>"; };
		464BB31D193CE0A7005FFEC0 /* post_type_bubble_link@2x.psd */ = {isa = PBXFileReference; lastKnownFileType = file; path = "post_type_bubble_link@2x.psd"; sourceTree = "<group>"; };
		464BB31E193CE0A7005FFEC0 /* set_bubble_link@2x.png */ = {isa = PBXFileReference; lastKnownFileType = image.png; path = "set_bubble_link@2x.png"; sourceTree = "<group>"; };
		46544FA91940FEB900C5138D /* RecommendedEquipment.plist */ = {isa = PBXFileReference; fileEncoding = 4; lastKnownFileType = text.plist.xml; path = RecommendedEquipment.plist; sourceTree = "<group>"; };
		46544FAB19410AA000C5138D /* RecommendedEquipmentViewController.h */ = {isa = PBXFileReference; fileEncoding = 4; lastKnownFileType = sourcecode.c.h; path = RecommendedEquipmentViewController.h; sourceTree = "<group>"; };
		46544FAC19410AA000C5138D /* RecommendedEquipmentViewController.m */ = {isa = PBXFileReference; fileEncoding = 4; lastKnownFileType = sourcecode.c.objc; path = RecommendedEquipmentViewController.m; sourceTree = "<group>"; };
		4657945E19427C67003E3654 /* RecommendedEquipmentTableView.h */ = {isa = PBXFileReference; fileEncoding = 4; lastKnownFileType = sourcecode.c.h; path = RecommendedEquipmentTableView.h; sourceTree = "<group>"; };
		4657945F19427C67003E3654 /* RecommendedEquipmentTableView.m */ = {isa = PBXFileReference; fileEncoding = 4; lastKnownFileType = sourcecode.c.objc; path = RecommendedEquipmentTableView.m; sourceTree = "<group>"; };
		467E2354193B2BD800CAE53C /* down_red@2x.png */ = {isa = PBXFileReference; lastKnownFileType = image.png; path = "down_red@2x.png"; sourceTree = "<group>"; };
		467E2355193B2BD800CAE53C /* down_white@2x.png */ = {isa = PBXFileReference; lastKnownFileType = image.png; path = "down_white@2x.png"; sourceTree = "<group>"; };
		467E2356193B2BD800CAE53C /* index@2x.png */ = {isa = PBXFileReference; lastKnownFileType = image.png; path = "index@2x.png"; sourceTree = "<group>"; };
		467E2357193B2BD800CAE53C /* index_press@2x.png */ = {isa = PBXFileReference; lastKnownFileType = image.png; path = "index_press@2x.png"; sourceTree = "<group>"; };
		467E2358193B2BD800CAE53C /* up_red@2x.png */ = {isa = PBXFileReference; lastKnownFileType = image.png; path = "up_red@2x.png"; sourceTree = "<group>"; };
		467E2359193B2BD800CAE53C /* up_white@2x.png */ = {isa = PBXFileReference; lastKnownFileType = image.png; path = "up_white@2x.png"; sourceTree = "<group>"; };
		467E235A193B2BD800CAE53C /* ITTArrowView.h */ = {isa = PBXFileReference; fileEncoding = 4; lastKnownFileType = sourcecode.c.h; name = ITTArrowView.h; path = AiXinDemo/ITTArrowView.h; sourceTree = "<group>"; };
		467E235B193B2BD800CAE53C /* ITTArrowView.m */ = {isa = PBXFileReference; fileEncoding = 4; lastKnownFileType = sourcecode.c.objc; name = ITTArrowView.m; path = AiXinDemo/ITTArrowView.m; sourceTree = "<group>"; };
		467E235E193B2BD800CAE53C /* ITTSegement.h */ = {isa = PBXFileReference; fileEncoding = 4; lastKnownFileType = sourcecode.c.h; name = ITTSegement.h; path = AiXinDemo/ITTSegement.h; sourceTree = "<group>"; };
		467E235F193B2BD800CAE53C /* ITTSegement.m */ = {isa = PBXFileReference; fileEncoding = 4; lastKnownFileType = sourcecode.c.objc; name = ITTSegement.m; path = AiXinDemo/ITTSegement.m; sourceTree = "<group>"; };
		467E2360193B2BD800CAE53C /* EquipmentTableView.h */ = {isa = PBXFileReference; fileEncoding = 4; lastKnownFileType = sourcecode.c.h; name = EquipmentTableView.h; path = AiXinDemo/EquipmentTableView.h; sourceTree = "<group>"; };
		467E2361193B2BD800CAE53C /* EquipmentTableView.m */ = {isa = PBXFileReference; fileEncoding = 4; lastKnownFileType = sourcecode.c.objc; name = EquipmentTableView.m; path = AiXinDemo/EquipmentTableView.m; sourceTree = "<group>"; };
		467E2372193B4A8D00CAE53C /* EquipmentModel.h */ = {isa = PBXFileReference; fileEncoding = 4; lastKnownFileType = sourcecode.c.h; path = EquipmentModel.h; sourceTree = "<group>"; };
		467E2373193B4A8D00CAE53C /* EquipmentModel.m */ = {isa = PBXFileReference; fileEncoding = 4; lastKnownFileType = sourcecode.c.objc; path = EquipmentModel.m; sourceTree = "<group>"; };
		467E2376193B5BAC00CAE53C /* EquipmentCell.h */ = {isa = PBXFileReference; fileEncoding = 4; lastKnownFileType = sourcecode.c.h; path = EquipmentCell.h; sourceTree = "<group>"; };
		467E2377193B5BAC00CAE53C /* EquipmentCell.m */ = {isa = PBXFileReference; fileEncoding = 4; lastKnownFileType = sourcecode.c.objc; path = EquipmentCell.m; sourceTree = "<group>"; };
		467E2379193B68A300CAE53C /* ModifyEquipmentViewController.h */ = {isa = PBXFileReference; fileEncoding = 4; lastKnownFileType = sourcecode.c.h; path = ModifyEquipmentViewController.h; sourceTree = "<group>"; };
		467E237A193B68A300CAE53C /* ModifyEquipmentViewController.m */ = {isa = PBXFileReference; fileEncoding = 4; lastKnownFileType = sourcecode.c.objc; path = ModifyEquipmentViewController.m; sourceTree = "<group>"; };
		46A36E53193BB6FC004508A7 /* bag.png */ = {isa = PBXFileReference; lastKnownFileType = image.png; path = bag.png; sourceTree = "<group>"; };
		46A36E54193BB6FC004508A7 /* bag.psd */ = {isa = PBXFileReference; lastKnownFileType = file; path = bag.psd; sourceTree = "<group>"; };
/* End PBXFileReference section */

/* Begin PBXFrameworksBuildPhase section */
		14377BCE193468BF0028A493 /* Frameworks */ = {
			isa = PBXFrameworksBuildPhase;
			buildActionMask = 2147483647;
			files = (
				14377BD7193468BF0028A493 /* CoreGraphics.framework in Frameworks */,
				14377BD9193468BF0028A493 /* UIKit.framework in Frameworks */,
				14377BD5193468BF0028A493 /* Foundation.framework in Frameworks */,
			);
			runOnlyForDeploymentPostprocessing = 0;
		};
		14377BEF193468BF0028A493 /* Frameworks */ = {
			isa = PBXFrameworksBuildPhase;
			buildActionMask = 2147483647;
			files = (
				14377BF4193468BF0028A493 /* XCTest.framework in Frameworks */,
				14377BF6193468BF0028A493 /* UIKit.framework in Frameworks */,
				14377BF5193468BF0028A493 /* Foundation.framework in Frameworks */,
			);
			runOnlyForDeploymentPostprocessing = 0;
		};
/* End PBXFrameworksBuildPhase section */

/* Begin PBXGroup section */
		14377BC8193468BF0028A493 = {
			isa = PBXGroup;
			children = (
				14377BDA193468BF0028A493 /* TaiBike */,
				14377BF9193468BF0028A493 /* TaiBikeTests */,
				14377BD3193468BF0028A493 /* Frameworks */,
				14377BD2193468BF0028A493 /* Products */,
			);
			sourceTree = "<group>";
		};
		14377BD2193468BF0028A493 /* Products */ = {
			isa = PBXGroup;
			children = (
				14377BD1193468BF0028A493 /* TaiBike.app */,
				14377BF2193468BF0028A493 /* TaiBikeTests.xctest */,
			);
			name = Products;
			sourceTree = "<group>";
		};
		14377BD3193468BF0028A493 /* Frameworks */ = {
			isa = PBXGroup;
			children = (
				4606814819426DF0008EB1B2 /* CoreData.framework */,
				14377BD4193468BF0028A493 /* Foundation.framework */,
				14377BD6193468BF0028A493 /* CoreGraphics.framework */,
				14377BD8193468BF0028A493 /* UIKit.framework */,
				14377BF3193468BF0028A493 /* XCTest.framework */,
			);
			name = Frameworks;
			sourceTree = "<group>";
		};
		14377BDA193468BF0028A493 /* TaiBike */ = {
			isa = PBXGroup;
			children = (
				14377C09193468DE0028A493 /* Nav */,
				14377BE3193468BF0028A493 /* AppDelegate.h */,
				14377BE4193468BF0028A493 /* AppDelegate.m */,
				14377BE6193468BF0028A493 /* Main.storyboard */,
				1457F6831934FC6A009A1259 /* PlanViewController.h */,
				1457F6841934FC6A009A1259 /* PlanViewController.m */,
				14377C271934739F0028A493 /* HomeViewController.h */,
				14377C281934739F0028A493 /* HomeViewController.m */,
				14377C2A193474B60028A493 /* LoginViewController.h */,
				14377C2B193474B60028A493 /* LoginViewController.m */,
				14377C2D19347A730028A493 /* RegisterViewController.h */,
				14377C2E19347A730028A493 /* RegisterViewController.m */,
				14377C30193486780028A493 /* ProfileViewController.h */,
				14377C31193486780028A493 /* ProfileViewController.m */,
				14377C36193486A10028A493 /* RecordViewController.h */,
				14377C37193486A10028A493 /* RecordViewController.m */,
				467E2371193B49E700CAE53C /* EquipmentView */,
				46A36E52193BB6FC004508A7 /* image */,
				464BB309193CCE22005FFEC0 /* ASOAnimatedButton */,
				14377BEC193468BF0028A493 /* Images.xcassets */,
				14377C0D19346B0D0028A493 /* SlideNav */,
				14377BDB193468BF0028A493 /* Supporting Files */,
			);
			path = TaiBike;
			sourceTree = "<group>";
		};
		14377BDB193468BF0028A493 /* Supporting Files */ = {
			isa = PBXGroup;
			children = (
				14377BDC193468BF0028A493 /* TaiBike-Info.plist */,
				14377BDD193468BF0028A493 /* InfoPlist.strings */,
				14377BE0193468BF0028A493 /* main.m */,
				14377BE2193468BF0028A493 /* TaiBike-Prefix.pch */,
			);
			name = "Supporting Files";
			sourceTree = "<group>";
		};
		14377BF9193468BF0028A493 /* TaiBikeTests */ = {
			isa = PBXGroup;
			children = (
				14377BFF193468BF0028A493 /* TaiBikeTests.m */,
				14377BFA193468BF0028A493 /* Supporting Files */,
			);
			path = TaiBikeTests;
			sourceTree = "<group>";
		};
		14377BFA193468BF0028A493 /* Supporting Files */ = {
			isa = PBXGroup;
			children = (
				14377BFB193468BF0028A493 /* TaiBikeTests-Info.plist */,
				14377BFC193468BF0028A493 /* InfoPlist.strings */,
			);
			name = "Supporting Files";
			sourceTree = "<group>";
		};
		14377C09193468DE0028A493 /* Nav */ = {
			isa = PBXGroup;
			children = (
				14377C0A193469360028A493 /* LeftNavViewController.h */,
				14377C0B193469360028A493 /* LeftNavViewController.m */,
			);
			name = Nav;
			sourceTree = "<group>";
		};
		14377C0D19346B0D0028A493 /* SlideNav */ = {
			isa = PBXGroup;
			children = (
				14377C0E19346B0D0028A493 /* Animations */,
				14377C1A19346B0D0028A493 /* Assets */,
				14377C1D19346B0D0028A493 /* SlideNavigationController.h */,
				14377C1E19346B0D0028A493 /* SlideNavigationController.m */,
			);
			name = SlideNav;
			path = Source;
			sourceTree = "<group>";
		};
		14377C0E19346B0D0028A493 /* Animations */ = {
			isa = PBXGroup;
			children = (
				14377C0F19346B0D0028A493 /* SlideNavigationContorllerAnimator.h */,
				14377C1019346B0D0028A493 /* SlideNavigationContorllerAnimatorFade.h */,
				14377C1119346B0D0028A493 /* SlideNavigationContorllerAnimatorFade.m */,
				14377C1219346B0D0028A493 /* SlideNavigationContorllerAnimatorScale.h */,
				14377C1319346B0D0028A493 /* SlideNavigationContorllerAnimatorScale.m */,
				14377C1419346B0D0028A493 /* SlideNavigationContorllerAnimatorScaleAndFade.h */,
				14377C1519346B0D0028A493 /* SlideNavigationContorllerAnimatorScaleAndFade.m */,
				14377C1619346B0D0028A493 /* SlideNavigationContorllerAnimatorSlide.h */,
				14377C1719346B0D0028A493 /* SlideNavigationContorllerAnimatorSlide.m */,
				14377C1819346B0D0028A493 /* SlideNavigationContorllerAnimatorSlideAndFade.h */,
				14377C1919346B0D0028A493 /* SlideNavigationContorllerAnimatorSlideAndFade.m */,
			);
			path = Animations;
			sourceTree = "<group>";
		};
		14377C1A19346B0D0028A493 /* Assets */ = {
			isa = PBXGroup;
			children = (
				14377C1B19346B0D0028A493 /* menu-button.png */,
				14377C1C19346B0D0028A493 /* menu-button@2x.png */,
			);
			path = Assets;
			sourceTree = "<group>";
		};
		464BB309193CCE22005FFEC0 /* ASOAnimatedButton */ = {
			isa = PBXGroup;
			children = (
				464BB30B193CCE22005FFEC0 /* BounceButton */,
				464BB30F193CCE22005FFEC0 /* TwoStateButton */,
			);
			path = ASOAnimatedButton;
			sourceTree = "<group>";
		};
		464BB30B193CCE22005FFEC0 /* BounceButton */ = {
			isa = PBXGroup;
			children = (
				464BB30C193CCE22005FFEC0 /* ASOBounceButtonView.h */,
				464BB30D193CCE22005FFEC0 /* ASOBounceButtonView.m */,
				464BB30E193CCE22005FFEC0 /* ASOBounceButtonViewDelegate.h */,
			);
			path = BounceButton;
			sourceTree = "<group>";
		};
		464BB30F193CCE22005FFEC0 /* TwoStateButton */ = {
			isa = PBXGroup;
			children = (
				464BB310193CCE22005FFEC0 /* ASOTwoStateButton.h */,
				464BB311193CCE22005FFEC0 /* ASOTwoStateButton.m */,
			);
			path = TwoStateButton;
			sourceTree = "<group>";
		};
		467E2353193B2BD800CAE53C /* icon */ = {
			isa = PBXGroup;
			children = (
				467E2354193B2BD800CAE53C /* down_red@2x.png */,
				467E2355193B2BD800CAE53C /* down_white@2x.png */,
				467E2356193B2BD800CAE53C /* index@2x.png */,
				467E2357193B2BD800CAE53C /* index_press@2x.png */,
				467E2358193B2BD800CAE53C /* up_red@2x.png */,
				467E2359193B2BD800CAE53C /* up_white@2x.png */,
			);
			name = icon;
			path = AiXinDemo/icon;
			sourceTree = "<group>";
		};
		467E2371193B49E700CAE53C /* EquipmentView */ = {
			isa = PBXGroup;
			children = (
				46544FA91940FEB900C5138D /* RecommendedEquipment.plist */,
				14377C331934868F0028A493 /* EquipmentViewController.h */,
				14377C341934868F0028A493 /* EquipmentViewController.m */,
				467E2360193B2BD800CAE53C /* EquipmentTableView.h */,
				467E2361193B2BD800CAE53C /* EquipmentTableView.m */,
				467E2372193B4A8D00CAE53C /* EquipmentModel.h */,
				467E2373193B4A8D00CAE53C /* EquipmentModel.m */,
				467E2376193B5BAC00CAE53C /* EquipmentCell.h */,
				467E2377193B5BAC00CAE53C /* EquipmentCell.m */,
				467E2379193B68A300CAE53C /* ModifyEquipmentViewController.h */,
				467E237A193B68A300CAE53C /* ModifyEquipmentViewController.m */,
				464BB315193CD162005FFEC0 /* EquipmentBoundButtonView.h */,
				464BB316193CD162005FFEC0 /* EquipmentBoundButtonView.m */,
				46544FAB19410AA000C5138D /* RecommendedEquipmentViewController.h */,
				46544FAC19410AA000C5138D /* RecommendedEquipmentViewController.m */,
				4657945E19427C67003E3654 /* RecommendedEquipmentTableView.h */,
				4657945F19427C67003E3654 /* RecommendedEquipmentTableView.m */,
				467E235A193B2BD800CAE53C /* ITTArrowView.h */,
				467E235B193B2BD800CAE53C /* ITTArrowView.m */,
				467E235E193B2BD800CAE53C /* ITTSegement.h */,
				467E235F193B2BD800CAE53C /* ITTSegement.m */,
				467E2353193B2BD800CAE53C /* icon */,
			);
			name = EquipmentView;
			sourceTree = "<group>";
		};
		46A36E52193BB6FC004508A7 /* image */ = {
			isa = PBXGroup;
			children = (
				464BB318193CE0A7005FFEC0 /* add_bubble_link@2x.png */,
				464BB319193CE0A7005FFEC0 /* add_bubble_link@2x.psd */,
				464BB31A193CE0A7005FFEC0 /* clear_bubble_link@2x.png */,
				464BB31B193CE0A7005FFEC0 /* clear_bubble_link@2x.psd */,
				464BB31C193CE0A7005FFEC0 /* post_type_bubble_link@2x.png */,
				464BB31D193CE0A7005FFEC0 /* post_type_bubble_link@2x.psd */,
				464BB31E193CE0A7005FFEC0 /* set_bubble_link@2x.png */,
				46A36E53193BB6FC004508A7 /* bag.png */,
				46A36E54193BB6FC004508A7 /* bag.psd */,
			);
			name = image;
			path = AiXinDemo/icon/image;
			sourceTree = "<group>";
		};
/* End PBXGroup section */

/* Begin PBXNativeTarget section */
		14377BD0193468BF0028A493 /* TaiBike */ = {
			isa = PBXNativeTarget;
			buildConfigurationList = 14377C03193468BF0028A493 /* Build configuration list for PBXNativeTarget "TaiBike" */;
			buildPhases = (
				14377BCD193468BF0028A493 /* Sources */,
				14377BCE193468BF0028A493 /* Frameworks */,
				14377BCF193468BF0028A493 /* Resources */,
			);
			buildRules = (
			);
			dependencies = (
			);
			name = TaiBike;
			productName = TaiBike;
			productReference = 14377BD1193468BF0028A493 /* TaiBike.app */;
			productType = "com.apple.product-type.application";
		};
		14377BF1193468BF0028A493 /* TaiBikeTests */ = {
			isa = PBXNativeTarget;
			buildConfigurationList = 14377C06193468BF0028A493 /* Build configuration list for PBXNativeTarget "TaiBikeTests" */;
			buildPhases = (
				14377BEE193468BF0028A493 /* Sources */,
				14377BEF193468BF0028A493 /* Frameworks */,
				14377BF0193468BF0028A493 /* Resources */,
			);
			buildRules = (
			);
			dependencies = (
				14377BF8193468BF0028A493 /* PBXTargetDependency */,
			);
			name = TaiBikeTests;
			productName = TaiBikeTests;
			productReference = 14377BF2193468BF0028A493 /* TaiBikeTests.xctest */;
			productType = "com.apple.product-type.bundle.unit-test";
		};
/* End PBXNativeTarget section */

/* Begin PBXProject section */
		14377BC9193468BF0028A493 /* Project object */ = {
			isa = PBXProject;
			attributes = {
				LastUpgradeCheck = 0510;
				ORGANIZATIONNAME = Takeshi;
				TargetAttributes = {
					14377BD0193468BF0028A493 = {
						SystemCapabilities = {
							com.apple.BackgroundModes = {
								enabled = 1;
							};
						};
					};
					14377BF1193468BF0028A493 = {
						TestTargetID = 14377BD0193468BF0028A493;
					};
				};
			};
			buildConfigurationList = 14377BCC193468BF0028A493 /* Build configuration list for PBXProject "TaiBike" */;
			compatibilityVersion = "Xcode 3.2";
			developmentRegion = English;
			hasScannedForEncodings = 0;
			knownRegions = (
				en,
				Base,
			);
			mainGroup = 14377BC8193468BF0028A493;
			productRefGroup = 14377BD2193468BF0028A493 /* Products */;
			projectDirPath = "";
			projectRoot = "";
			targets = (
				14377BD0193468BF0028A493 /* TaiBike */,
				14377BF1193468BF0028A493 /* TaiBikeTests */,
			);
		};
/* End PBXProject section */

/* Begin PBXResourcesBuildPhase section */
		14377BCF193468BF0028A493 /* Resources */ = {
			isa = PBXResourcesBuildPhase;
			buildActionMask = 2147483647;
			files = (
				464BB323193CE0A7005FFEC0 /* post_type_bubble_link@2x.png in Resources */,
				46A36E55193BB6FC004508A7 /* bag.png in Resources */,
				14377C2419346B0D0028A493 /* menu-button.png in Resources */,
				14377BED193468BF0028A493 /* Images.xcassets in Resources */,
				467E2368193B2BD800CAE53C /* index@2x.png in Resources */,
				464BB321193CE0A7005FFEC0 /* clear_bubble_link@2x.png in Resources */,
				14377BDF193468BF0028A493 /* InfoPlist.strings in Resources */,
				464BB324193CE0A7005FFEC0 /* post_type_bubble_link@2x.psd in Resources */,
				467E236B193B2BD800CAE53C /* up_white@2x.png in Resources */,
				46A36E56193BB6FC004508A7 /* bag.psd in Resources */,
				467E236A193B2BD800CAE53C /* up_red@2x.png in Resources */,
				464BB31F193CE0A7005FFEC0 /* add_bubble_link@2x.png in Resources */,
				14377C2519346B0D0028A493 /* menu-button@2x.png in Resources */,
				46544FAA1940FEB900C5138D /* RecommendedEquipment.plist in Resources */,
				14377BE8193468BF0028A493 /* Main.storyboard in Resources */,
				464BB322193CE0A7005FFEC0 /* clear_bubble_link@2x.psd in Resources */,
				464BB325193CE0A7005FFEC0 /* set_bubble_link@2x.png in Resources */,
				467E2369193B2BD800CAE53C /* index_press@2x.png in Resources */,
				467E2367193B2BD800CAE53C /* down_white@2x.png in Resources */,
				467E2366193B2BD800CAE53C /* down_red@2x.png in Resources */,
				464BB320193CE0A7005FFEC0 /* add_bubble_link@2x.psd in Resources */,
			);
			runOnlyForDeploymentPostprocessing = 0;
		};
		14377BF0193468BF0028A493 /* Resources */ = {
			isa = PBXResourcesBuildPhase;
			buildActionMask = 2147483647;
			files = (
				14377BFE193468BF0028A493 /* InfoPlist.strings in Resources */,
			);
			runOnlyForDeploymentPostprocessing = 0;
		};
/* End PBXResourcesBuildPhase section */

/* Begin PBXSourcesBuildPhase section */
		14377BCD193468BF0028A493 /* Sources */ = {
			isa = PBXSourcesBuildPhase;
			buildActionMask = 2147483647;
			files = (
				464BB314193CCE22005FFEC0 /* ASOTwoStateButton.m in Sources */,
				14377C2019346B0D0028A493 /* SlideNavigationContorllerAnimatorScale.m in Sources */,
				14377C2319346B0D0028A493 /* SlideNavigationContorllerAnimatorSlideAndFade.m in Sources */,
				14377C2119346B0D0028A493 /* SlideNavigationContorllerAnimatorScaleAndFade.m in Sources */,
				467E236F193B2BD800CAE53C /* EquipmentTableView.m in Sources */,
				4657946019427C67003E3654 /* RecommendedEquipmentTableView.m in Sources */,
				14377C0C193469360028A493 /* LeftNavViewController.m in Sources */,
				467E236C193B2BD800CAE53C /* ITTArrowView.m in Sources */,
				464BB317193CD162005FFEC0 /* EquipmentBoundButtonView.m in Sources */,
				467E237B193B68A300CAE53C /* ModifyEquipmentViewController.m in Sources */,
				14377C2219346B0D0028A493 /* SlideNavigationContorllerAnimatorSlide.m in Sources */,
				14377C291934739F0028A493 /* HomeViewController.m in Sources */,
				467E2374193B4A8D00CAE53C /* EquipmentModel.m in Sources */,
				467E2378193B5BAC00CAE53C /* EquipmentCell.m in Sources */,
				14377BE5193468BF0028A493 /* AppDelegate.m in Sources */,
				464BB313193CCE22005FFEC0 /* ASOBounceButtonView.m in Sources */,
				467E236E193B2BD800CAE53C /* ITTSegement.m in Sources */,
				14377C351934868F0028A493 /* EquipmentViewController.m in Sources */,
				14377C2F19347A730028A493 /* RegisterViewController.m in Sources */,
				1457F6851934FC6A009A1259 /* PlanViewController.m in Sources */,
				14377C38193486A10028A493 /* RecordViewController.m in Sources */,
				14377BE1193468BF0028A493 /* main.m in Sources */,
				14377C32193486780028A493 /* ProfileViewController.m in Sources */,
				14377C1F19346B0D0028A493 /* SlideNavigationContorllerAnimatorFade.m in Sources */,
				14377C2C193474B60028A493 /* LoginViewController.m in Sources */,
				14377C2619346B0D0028A493 /* SlideNavigationController.m in Sources */,
				46544FAD19410AA000C5138D /* RecommendedEquipmentViewController.m in Sources */,
			);
			runOnlyForDeploymentPostprocessing = 0;
		};
		14377BEE193468BF0028A493 /* Sources */ = {
			isa = PBXSourcesBuildPhase;
			buildActionMask = 2147483647;
			files = (
				14377C00193468BF0028A493 /* TaiBikeTests.m in Sources */,
			);
			runOnlyForDeploymentPostprocessing = 0;
		};
/* End PBXSourcesBuildPhase section */

/* Begin PBXTargetDependency section */
		14377BF8193468BF0028A493 /* PBXTargetDependency */ = {
			isa = PBXTargetDependency;
			target = 14377BD0193468BF0028A493 /* TaiBike */;
			targetProxy = 14377BF7193468BF0028A493 /* PBXContainerItemProxy */;
		};
/* End PBXTargetDependency section */

/* Begin PBXVariantGroup section */
		14377BDD193468BF0028A493 /* InfoPlist.strings */ = {
			isa = PBXVariantGroup;
			children = (
				14377BDE193468BF0028A493 /* en */,
			);
			name = InfoPlist.strings;
			sourceTree = "<group>";
		};
		14377BE6193468BF0028A493 /* Main.storyboard */ = {
			isa = PBXVariantGroup;
			children = (
				14377BE7193468BF0028A493 /* Base */,
			);
			name = Main.storyboard;
			sourceTree = "<group>";
		};
		14377BFC193468BF0028A493 /* InfoPlist.strings */ = {
			isa = PBXVariantGroup;
			children = (
				14377BFD193468BF0028A493 /* en */,
			);
			name = InfoPlist.strings;
			sourceTree = "<group>";
		};
/* End PBXVariantGroup section */

/* Begin XCBuildConfiguration section */
		14377C01193468BF0028A493 /* Debug */ = {
			isa = XCBuildConfiguration;
			buildSettings = {
				ALWAYS_SEARCH_USER_PATHS = NO;
				CLANG_CXX_LANGUAGE_STANDARD = "gnu++0x";
				CLANG_CXX_LIBRARY = "libc++";
				CLANG_ENABLE_MODULES = YES;
				CLANG_ENABLE_OBJC_ARC = YES;
				CLANG_WARN_BOOL_CONVERSION = YES;
				CLANG_WARN_CONSTANT_CONVERSION = YES;
				CLANG_WARN_DIRECT_OBJC_ISA_USAGE = YES_ERROR;
				CLANG_WARN_EMPTY_BODY = YES;
				CLANG_WARN_ENUM_CONVERSION = YES;
				CLANG_WARN_INT_CONVERSION = YES;
				CLANG_WARN_OBJC_ROOT_CLASS = YES_ERROR;
				CLANG_WARN__DUPLICATE_METHOD_MATCH = YES;
				"CODE_SIGN_IDENTITY[sdk=iphoneos*]" = "iPhone Developer";
				COPY_PHASE_STRIP = NO;
				GCC_C_LANGUAGE_STANDARD = gnu99;
				GCC_DYNAMIC_NO_PIC = NO;
				GCC_OPTIMIZATION_LEVEL = 0;
				GCC_PREPROCESSOR_DEFINITIONS = (
					"DEBUG=1",
					"$(inherited)",
				);
				GCC_SYMBOLS_PRIVATE_EXTERN = NO;
				GCC_WARN_64_TO_32_BIT_CONVERSION = YES;
				GCC_WARN_ABOUT_RETURN_TYPE = YES_ERROR;
				GCC_WARN_UNDECLARED_SELECTOR = YES;
				GCC_WARN_UNINITIALIZED_AUTOS = YES_AGGRESSIVE;
				GCC_WARN_UNUSED_FUNCTION = YES;
				GCC_WARN_UNUSED_VARIABLE = YES;
				IPHONEOS_DEPLOYMENT_TARGET = 7.1;
				ONLY_ACTIVE_ARCH = YES;
				SDKROOT = iphoneos;
			};
			name = Debug;
		};
		14377C02193468BF0028A493 /* Release */ = {
			isa = XCBuildConfiguration;
			buildSettings = {
				ALWAYS_SEARCH_USER_PATHS = NO;
				CLANG_CXX_LANGUAGE_STANDARD = "gnu++0x";
				CLANG_CXX_LIBRARY = "libc++";
				CLANG_ENABLE_MODULES = YES;
				CLANG_ENABLE_OBJC_ARC = YES;
				CLANG_WARN_BOOL_CONVERSION = YES;
				CLANG_WARN_CONSTANT_CONVERSION = YES;
				CLANG_WARN_DIRECT_OBJC_ISA_USAGE = YES_ERROR;
				CLANG_WARN_EMPTY_BODY = YES;
				CLANG_WARN_ENUM_CONVERSION = YES;
				CLANG_WARN_INT_CONVERSION = YES;
				CLANG_WARN_OBJC_ROOT_CLASS = YES_ERROR;
				CLANG_WARN__DUPLICATE_METHOD_MATCH = YES;
				"CODE_SIGN_IDENTITY[sdk=iphoneos*]" = "iPhone Developer";
				COPY_PHASE_STRIP = YES;
				ENABLE_NS_ASSERTIONS = NO;
				GCC_C_LANGUAGE_STANDARD = gnu99;
				GCC_WARN_64_TO_32_BIT_CONVERSION = YES;
				GCC_WARN_ABOUT_RETURN_TYPE = YES_ERROR;
				GCC_WARN_UNDECLARED_SELECTOR = YES;
				GCC_WARN_UNINITIALIZED_AUTOS = YES_AGGRESSIVE;
				GCC_WARN_UNUSED_FUNCTION = YES;
				GCC_WARN_UNUSED_VARIABLE = YES;
				IPHONEOS_DEPLOYMENT_TARGET = 7.1;
				SDKROOT = iphoneos;
				VALIDATE_PRODUCT = YES;
			};
			name = Release;
		};
		14377C04193468BF0028A493 /* Debug */ = {
			isa = XCBuildConfiguration;
			buildSettings = {
				ASSETCATALOG_COMPILER_APPICON_NAME = AppIcon;
				ASSETCATALOG_COMPILER_LAUNCHIMAGE_NAME = LaunchImage;
				CODE_SIGN_IDENTITY = "iPhone Developer";
				GCC_PRECOMPILE_PREFIX_HEADER = YES;
				GCC_PREFIX_HEADER = "TaiBike/TaiBike-Prefix.pch";
				INFOPLIST_FILE = "TaiBike/TaiBike-Info.plist";
				IPHONEOS_DEPLOYMENT_TARGET = 7.0;
				PRODUCT_NAME = "$(TARGET_NAME)";
				WRAPPER_EXTENSION = app;
			};
			name = Debug;
		};
		14377C05193468BF0028A493 /* Release */ = {
			isa = XCBuildConfiguration;
			buildSettings = {
				ASSETCATALOG_COMPILER_APPICON_NAME = AppIcon;
				ASSETCATALOG_COMPILER_LAUNCHIMAGE_NAME = LaunchImage;
				CODE_SIGN_IDENTITY = "iPhone Developer";
				GCC_PRECOMPILE_PREFIX_HEADER = YES;
				GCC_PREFIX_HEADER = "TaiBike/TaiBike-Prefix.pch";
				INFOPLIST_FILE = "TaiBike/TaiBike-Info.plist";
				IPHONEOS_DEPLOYMENT_TARGET = 7.0;
				PRODUCT_NAME = "$(TARGET_NAME)";
				WRAPPER_EXTENSION = app;
			};
			name = Release;
		};
		14377C07193468BF0028A493 /* Debug */ = {
			isa = XCBuildConfiguration;
			buildSettings = {
				BUNDLE_LOADER = "$(BUILT_PRODUCTS_DIR)/TaiBike.app/TaiBike";
				FRAMEWORK_SEARCH_PATHS = (
					"$(SDKROOT)/Developer/Library/Frameworks",
					"$(inherited)",
					"$(DEVELOPER_FRAMEWORKS_DIR)",
				);
				GCC_PRECOMPILE_PREFIX_HEADER = YES;
				GCC_PREFIX_HEADER = "TaiBike/TaiBike-Prefix.pch";
				GCC_PREPROCESSOR_DEFINITIONS = (
					"DEBUG=1",
					"$(inherited)",
				);
				INFOPLIST_FILE = "TaiBikeTests/TaiBikeTests-Info.plist";
				PRODUCT_NAME = "$(TARGET_NAME)";
				TEST_HOST = "$(BUNDLE_LOADER)";
				WRAPPER_EXTENSION = xctest;
			};
			name = Debug;
		};
		14377C08193468BF0028A493 /* Release */ = {
			isa = XCBuildConfiguration;
			buildSettings = {
				BUNDLE_LOADER = "$(BUILT_PRODUCTS_DIR)/TaiBike.app/TaiBike";
				FRAMEWORK_SEARCH_PATHS = (
					"$(SDKROOT)/Developer/Library/Frameworks",
					"$(inherited)",
					"$(DEVELOPER_FRAMEWORKS_DIR)",
				);
				GCC_PRECOMPILE_PREFIX_HEADER = YES;
				GCC_PREFIX_HEADER = "TaiBike/TaiBike-Prefix.pch";
				INFOPLIST_FILE = "TaiBikeTests/TaiBikeTests-Info.plist";
				PRODUCT_NAME = "$(TARGET_NAME)";
				TEST_HOST = "$(BUNDLE_LOADER)";
				WRAPPER_EXTENSION = xctest;
			};
			name = Release;
		};
/* End XCBuildConfiguration section */

/* Begin XCConfigurationList section */
		14377BCC193468BF0028A493 /* Build configuration list for PBXProject "TaiBike" */ = {
			isa = XCConfigurationList;
			buildConfigurations = (
				14377C01193468BF0028A493 /* Debug */,
				14377C02193468BF0028A493 /* Release */,
			);
			defaultConfigurationIsVisible = 0;
			defaultConfigurationName = Release;
		};
		14377C03193468BF0028A493 /* Build configuration list for PBXNativeTarget "TaiBike" */ = {
			isa = XCConfigurationList;
			buildConfigurations = (
				14377C04193468BF0028A493 /* Debug */,
				14377C05193468BF0028A493 /* Release */,
			);
			defaultConfigurationIsVisible = 0;
			defaultConfigurationName = Release;
		};
		14377C06193468BF0028A493 /* Build configuration list for PBXNativeTarget "TaiBikeTests" */ = {
			isa = XCConfigurationList;
			buildConfigurations = (
				14377C07193468BF0028A493 /* Debug */,
				14377C08193468BF0028A493 /* Release */,
			);
			defaultConfigurationIsVisible = 0;
			defaultConfigurationName = Release;
		};
/* End XCConfigurationList section */
	};
	rootObject = 14377BC9193468BF0028A493 /* Project object */;
}
